
Microsoft Visual Studio Solution File, Format Version 12.00
# Visual Studio Version 16
VisualStudioVersion = 16.0.30308.118
MinimumVisualStudioVersion = 10.0.40219.1
Project("{FAE04EC0-301F-11D3-BF4B-00C04F79EFBC}") = "OperationPlatForm", "OperationPlatForm.csproj", "{42804AC4-A2F7-48F8-8550-1C9D5DD12F5E}"
EndProject
Global
	GlobalSection(SolutionConfigurationPlatforms) = preSolution
		Debug|Any CPU = Debug|Any CPU
		Release|Any CPU = Release|Any CPU
	EndGlobalSection
	GlobalSection(ProjectConfigurationPlatforms) = postSolution
		{42804AC4-A2F7-48F8-8550-1C9D5DD12F5E}.Debug|Any CPU.ActiveCfg = Debug|Any CPU
		{42804AC4-A2F7-48F8-8550-1C9D5DD12F5E}.Debug|Any CPU.Build.0 = Debug|Any CPU
		{42804AC4-A2F7-48F8-8550-1C9D5DD12F5E}.Release|Any CPU.ActiveCfg = Release|Any CPU
		{42804AC4-A2F7-48F8-8550-1C9D5DD12F5E}.Release|Any CPU.Build.0 = Release|Any CPU
	EndGlobalSection
	GlobalSection(SolutionProperties) = preSolution
		HideSolutionNode = FALSE
	EndGlobalSection
	GlobalSection(ExtensibilityGlobals) = postSolution
		SolutionGuid = {60B8A122-6C32-40E6-AEEA-9016FCBD6D3A}
	EndGlobalSection
EndGlobal
